
Microsoft Visual Studio Solution File, Format Version 12.00
# Visual Studio Version 16
VisualStudioVersion = 16.0.29728.190
MinimumVisualStudioVersion = 10.0.40219.1
Project("{9A19103F-16F7-4668-BE54-9A1E7A4F7556}") = "Mail-API", "Mail-API.csproj", "{C5075B7D-F777-4778-BECD-9C6106A89104}"
EndProject
Global
	GlobalSection(SolutionConfigurationPlatforms) = preSolution
		Debug|Any CPU = Debug|Any CPU
		Release|Any CPU = Release|Any CPU
	EndGlobalSection
	GlobalSection(ProjectConfigurationPlatforms) = postSolution
		{C5075B7D-F777-4778-BECD-9C6106A89104}.Debug|Any CPU.ActiveCfg = Debug|Any CPU
		{C5075B7D-F777-4778-BECD-9C6106A89104}.Debug|Any CPU.Build.0 = Debug|Any CPU
		{C5075B7D-F777-4778-BECD-9C6106A89104}.Release|Any CPU.ActiveCfg = Release|Any CPU
		{C5075B7D-F777-4778-BECD-9C6106A89104}.Release|Any CPU.Build.0 = Release|Any CPU
	EndGlobalSection
	GlobalSection(SolutionProperties) = preSolution
		HideSolutionNode = FALSE
	EndGlobalSection
	GlobalSection(ExtensibilityGlobals) = postSolution
		SolutionGuid = {91265D44-97A0-4026-8B48-2998F4E3540C}
	EndGlobalSection
EndGlobal
